Microsoft Visual Studio Solution File, Format Version 11.00
# Visual Studio 2008

Project("{AED1F8C9-7292-57BD-2AF1-50BEF704756F}") = "TankYou", "Assembly-CSharp.csproj", "{2172DBB6-3B57-7FA0-0C12-A96BA0796D81}"
EndProject
Global
	GlobalSection(SolutionConfigurationPlatforms) = preSolution
		Debug|Any CPU = Debug|Any CPU
		Release|Any CPU = Release|Any CPU
	EndGlobalSection
	GlobalSection(ProjectConfigurationPlatforms) = postSolution
		{2172DBB6-3B57-7FA0-0C12-A96BA0796D81}.Debug|Any CPU.ActiveCfg = Debug|Any CPU
		{2172DBB6-3B57-7FA0-0C12-A96BA0796D81}.Debug|Any CPU.Build.0 = Debug|Any CPU
		{2172DBB6-3B57-7FA0-0C12-A96BA0796D81}.Release|Any CPU.ActiveCfg = Release|Any CPU
		{2172DBB6-3B57-7FA0-0C12-A96BA0796D81}.Release|Any CPU.Build.0 = Release|Any CPU
	EndGlobalSection
	GlobalSection(SolutionProperties) = preSolution
		HideSolutionNode = FALSE
	EndGlobalSection
	GlobalSection(MonoDevelopProperties) = preSolution
		StartupItem = Assembly-CSharp.csproj
	EndGlobalSection
EndGlobal
